imports:
- branch: master
  commit: 14c988efd8af88b2c299edbb1b097645513ba285
  host: github.skyscannertools.net
  repo: adverts/ads-retrieval-service
  root: ''
- branch: master
  commit: edc33f8c75538fc4723b19811e9322a2c2a7a9bc
  host: github.skyscannertools.net
  repo: adverts/delivery-service
  root: ''
- branch: master
  commit: 481df4bdf47890d971bddfd7dcc2956cec46320b
  host: github.skyscannertools.net
  repo: bamboo/xsell-v2
  root: ''
- branch: master
  commit: 7ae13cf4038360fb99fcb4f9e967fbbafab63ae2
  host: github.skyscannertools.net
  repo: can-i-go/travel-restrictions
  root: ''
- branch: master
  commit: f0e3e39e50105822fc1475a60a364073efa74f3c
  host: github.skyscannertools.net
  repo: car-hire-web/mangalica
  root: ''
- branch: master
  commit: f54ef85f4fc9448847192aecdf6d455c715a9ac4
  host: github.skyscannertools.net
  repo: dps/conductor
  root: ''
- branch: master
  commit: f2981e2561f9d9831e87bfac04920bdfefd669ac
  host: github.skyscannertools.net
  repo: dps/fare-attributes-svc
  root: ''
- branch: master
  commit: 8005469fb20173e116d12b74da77b0f9f540c929
  host: github.skyscannertools.net
  repo: flexible-search/alternatives-inventory
  root: ''
- branch: master
  commit: 9411890a85f8a48d0040671596a231686ff04ab7
  host: github.skyscannertools.net
  repo: flight-search/fare-policies
  root: ''
- branch: main
  commit: 5d4bdc5902258dc13fa01ef93d925dae70b966e2
  host: github.skyscannertools.net
  repo: flux-capacitor/taps-api
  root: ''
- branch: master
  commit: e6f89bf0b0fedc740cbb7fd1fa97d957f0291252
  host: github.skyscannertools.net
  repo: fps/flights-pricing-svc
  root: ''
- branch: master
  commit: a0cee373982654b40ac3ca0b42de5c2c2aca8a0b
  host: github.skyscannertools.net
  repo: hotels-backend/bellboy
  root: ''
- branch: master
  commit: 8875eb7c6bae409fa1d5d38693bd0c81fbf14a19
  host: github.skyscannertools.net
  repo: martech/postcard
  root: ''
- branch: main
  commit: f936163744dec98ed7cf654573dc81b04da33512
  host: github.skyscannertools.net
  repo: spyro/baggage-plugin
  root: ''
- branch: master
  commit: 1819b97fd691602d80761e2d435deffac6c38b30
  host: github.skyscannertools.net
  repo: spyro/grimm
  root: ''
- branch: main
  commit: 9168ab4034dfa6c6713ba76ce8b1be5a4a738c80
  host: github.skyscannertools.net
  repo: spyro/simple-messages-plugin
  root: ''
- branch: master
  commit: 3c84f91262c260264156f1235704047640bd5033
  host: github.skyscannertools.net
  repo: terra/green-itineraries-schema
  root: ''
- branch: master
  commit: 741a43f843666780a55f132f566054798cc69aa5
  host: github.skyscannertools.net
  repo: unified-search/unified-search-service
  root: ''
min_protovend_version: 4.0.6
updated: 2023-02-18 20:40:02.912008
